<?xml version="1.0"?>
<CONFIG>
  <ProjectOptions>
    <Version Value="9"/>
    <PathDelim Value="\"/>
    <General>
      <MainUnit Value="0"/>
      <ResourceType Value="res"/>
      <UseXPManifest Value="True"/>
      <Icon Value="0"/>
      <ActiveWindowIndexAtStart Value="0"/>
    </General>
    <i18n>
      <EnableI18N LFM="False"/>
    </i18n>
    <VersionInfo>
      <StringTable ProductVersion=""/>
    </VersionInfo>
    <BuildModes Count="1" Active="Default">
      <Item1 Name="Default" Default="True"/>
    </BuildModes>
    <PublishOptions>
      <Version Value="2"/>
      <IncludeFileFilter Value="*.(pas|pp|inc|lfm|lpr|lrs|lpi|lpk|sh|xml)"/>
      <ExcludeFileFilter Value="*.(bak|ppu|o|so);*~;backup"/>
    </PublishOptions>
    <RunParams>
      <local>
        <FormatVersion Value="1"/>
      </local>
    </RunParams>
    <RequiredPackages Count="2">
      <Item1>
        <PackageName Value="Printer4Lazarus"/>
        <MinVersion Minor="5" Valid="True"/>
      </Item1>
      <Item2>
        <PackageName Value="LCL"/>
      </Item2>
    </RequiredPackages>
    <Units Count="38">
      <Unit0>
        <Filename Value="MagicTracks.lpr"/>
        <IsPartOfProject Value="True"/>
        <UnitName Value="MagicTracks"/>
        <WindowIndex Value="0"/>
        <TopLine Value="15"/>
        <CursorPos X="1" Y="36"/>
        <UsageCount Value="200"/>
      </Unit0>
      <Unit1>
        <Filename Value="Main1.pas"/>
        <IsPartOfProject Value="True"/>
        <ComponentName Value="MainForm"/>
        <ResourceBaseClass Value="Form"/>
        <UnitName Value="Main1"/>
        <WindowIndex Value="0"/>
        <TopLine Value="441"/>
        <CursorPos X="62" Y="455"/>
        <UsageCount Value="200"/>
      </Unit1>
      <Unit2>
        <Filename Value="Drawing1.pas"/>
        <IsPartOfProject Value="True"/>
        <UnitName Value="Drawing1"/>
        <WindowIndex Value="0"/>
        <TopLine Value="457"/>
        <CursorPos X="68" Y="478"/>
        <UsageCount Value="200"/>
      </Unit2>
      <Unit3>
        <Filename Value="..\MagicLibraries\Persistent1.pas"/>
        <UnitName Value="Persistent1"/>
        <WindowIndex Value="0"/>
        <TopLine Value="101"/>
        <CursorPos X="1" Y="125"/>
        <UsageCount Value="203"/>
      </Unit3>
      <Unit4>
        <Filename Value="About1.pas"/>
        <IsPartOfProject Value="True"/>
        <ComponentName Value="AboutForm1"/>
        <ResourceBaseClass Value="Form"/>
        <UnitName Value="About1"/>
        <WindowIndex Value="0"/>
        <TopLine Value="55"/>
        <CursorPos X="43" Y="77"/>
        <UsageCount Value="204"/>
      </Unit4>
      <Unit5>
        <Filename Value="Preferences1.pas"/>
        <IsPartOfProject Value="True"/>
        <UnitName Value="Preferences1"/>
        <WindowIndex Value="0"/>
        <TopLine Value="1"/>
        <CursorPos X="1" Y="203"/>
        <UsageCount Value="201"/>
      </Unit5>
      <Unit6>
        <Filename Value="preferencesform1.pas"/>
        <IsPartOfProject Value="True"/>
        <ComponentName Value="PreferencesForm"/>
        <ResourceBaseClass Value="Form"/>
        <UnitName Value="PreferencesForm1"/>
        <WindowIndex Value="0"/>
        <TopLine Value="1"/>
        <CursorPos X="1" Y="136"/>
        <UsageCount Value="208"/>
      </Unit6>
      <Unit7>
        <Filename Value="unitconversion1.pas"/>
        <IsPartOfProject Value="True"/>
        <UnitName Value="UnitConversion1"/>
        <WindowIndex Value="0"/>
        <TopLine Value="1"/>
        <CursorPos X="1" Y="286"/>
        <UsageCount Value="201"/>
      </Unit7>
      <Unit8>
        <Filename Value="..\MagicLibraries\common1.pas"/>
        <UnitName Value="Common1"/>
        <WindowIndex Value="0"/>
        <TopLine Value="64"/>
        <CursorPos X="1" Y="92"/>
        <UsageCount Value="199"/>
      </Unit8>
      <Unit9>
        <Filename Value="Ruler1.pas"/>
        <IsPartOfProject Value="True"/>
        <UnitName Value="Ruler1"/>
        <WindowIndex Value="0"/>
        <TopLine Value="1"/>
        <CursorPos X="55" Y="27"/>
        <UsageCount Value="205"/>
      </Unit9>
      <Unit10>
        <Filename Value=".gitignore"/>
        <IsPartOfProject Value="True"/>
        <WindowIndex Value="0"/>
        <TopLine Value="1"/>
        <CursorPos X="12" Y="2"/>
        <UsageCount Value="202"/>
        <DefaultSyntaxHighlighter Value="None"/>
      </Unit10>
      <Unit11>
        <Filename Value="drawingframe1.pas"/>
        <IsPartOfProject Value="True"/>
        <ComponentName Value="DrawingFrame"/>
        <ResourceBaseClass Value="Frame"/>
        <UnitName Value="DrawingFrame1"/>
        <IsVisibleTab Value="True"/>
        <EditorIndex Value="0"/>
        <WindowIndex Value="0"/>
        <TopLine Value="265"/>
        <CursorPos X="1" Y="356"/>
        <UsageCount Value="201"/>
        <Loaded Value="True"/>
        <LoadedDesigner Value="True"/>
      </Unit11>
      <Unit12>
        <Filename Value="C:\lazarus\lcl\include\control.inc"/>
        <WindowIndex Value="0"/>
        <TopLine Value="3176"/>
        <CursorPos X="1" Y="3192"/>
        <UsageCount Value="12"/>
      </Unit12>
      <Unit13>
        <Filename Value="drawingsetframe1.pas"/>
        <IsPartOfProject Value="True"/>
        <ComponentName Value="DrawingSetFrame"/>
        <ResourceBaseClass Value="Frame"/>
        <UnitName Value="DrawingSetFrame1"/>
        <WindowIndex Value="0"/>
        <TopLine Value="1"/>
        <CursorPos X="1" Y="20"/>
        <UsageCount Value="209"/>
      </Unit13>
      <Unit14>
        <Filename Value="threepoint1.pas"/>
        <IsPartOfProject Value="True"/>
        <UnitName Value="ThreePoint1"/>
        <WindowIndex Value="0"/>
        <TopLine Value="68"/>
        <CursorPos X="1" Y="84"/>
        <UsageCount Value="200"/>
      </Unit14>
      <Unit15>
        <Filename Value="layerform1.pas"/>
        <IsPartOfProject Value="True"/>
        <ComponentName Value="LayerForm"/>
        <ResourceBaseClass Value="Form"/>
        <UnitName Value="LayerForm1"/>
        <WindowIndex Value="0"/>
        <TopLine Value="1"/>
        <CursorPos X="1" Y="20"/>
        <UsageCount Value="196"/>
      </Unit15>
      <Unit16>
        <Filename Value="Notes.txt"/>
        <WindowIndex Value="0"/>
        <TopLine Value="81"/>
        <CursorPos X="41" Y="103"/>
        <UsageCount Value="31"/>
        <DefaultSyntaxHighlighter Value="None"/>
      </Unit16>
      <Unit17>
        <Filename Value="C:\lazarus\lcl\stdctrls.pp"/>
        <UnitName Value="StdCtrls"/>
        <WindowIndex Value="0"/>
        <TopLine Value="247"/>
        <CursorPos X="37" Y="254"/>
        <UsageCount Value="7"/>
      </Unit17>
      <Unit18>
        <Filename Value="C:\lazarus\lcl\lcltype.pp"/>
        <UnitName Value="LCLType"/>
        <WindowIndex Value="0"/>
        <TopLine Value="1067"/>
        <CursorPos X="3" Y="1074"/>
        <UsageCount Value="7"/>
      </Unit18>
      <Unit19>
        <Filename Value="layers1.pas"/>
        <IsPartOfProject Value="True"/>
        <UnitName Value="Layers1"/>
        <WindowIndex Value="0"/>
        <TopLine Value="6"/>
        <CursorPos X="45" Y="77"/>
        <UsageCount Value="183"/>
      </Unit19>
      <Unit20>
        <Filename Value="internals1.pas"/>
        <IsPartOfProject Value="True"/>
        <ComponentName Value="InternalsForm1"/>
        <ResourceBaseClass Value="Form"/>
        <UnitName Value="Internals1"/>
        <WindowIndex Value="0"/>
        <TopLine Value="113"/>
        <CursorPos X="1" Y="20"/>
        <UsageCount Value="147"/>
      </Unit20>
      <Unit21>
        <Filename Value="C:\lazarus\lcl\grids.pas"/>
        <UnitName Value="Grids"/>
        <WindowIndex Value="0"/>
        <TopLine Value="8219"/>
        <CursorPos X="1" Y="8230"/>
        <UsageCount Value="6"/>
      </Unit21>
      <Unit22>
        <Filename Value="C:\lazarus\lcl\extctrls.pp"/>
        <UnitName Value="ExtCtrls"/>
        <WindowIndex Value="0"/>
        <TopLine Value="1126"/>
        <CursorPos X="22" Y="1145"/>
        <UsageCount Value="5"/>
      </Unit22>
      <Unit23>
        <Filename Value="C:\lazarus\lcl\include\tabcontrol.inc"/>
        <WindowIndex Value="0"/>
        <TopLine Value="465"/>
        <CursorPos X="1" Y="476"/>
        <UsageCount Value="2"/>
      </Unit23>
      <Unit24>
        <Filename Value="drawingobject1.pas"/>
        <IsPartOfProject Value="True"/>
        <UnitName Value="DrawingObject1"/>
        <EditorIndex Value="1"/>
        <WindowIndex Value="0"/>
        <TopLine Value="44"/>
        <CursorPos X="43" Y="63"/>
        <UsageCount Value="104"/>
        <Loaded Value="True"/>
      </Unit24>
      <Unit25>
        <Filename Value="drawingcommon1.pas"/>
        <IsPartOfProject Value="True"/>
        <UnitName Value="DrawingCommon1"/>
        <WindowIndex Value="0"/>
        <TopLine Value="1"/>
        <CursorPos X="1" Y="20"/>
        <UsageCount Value="104"/>
      </Unit25>
      <Unit26>
        <Filename Value="rectangularsolid1.pas"/>
        <IsPartOfProject Value="True"/>
        <UnitName Value="RectangularSolid1"/>
        <WindowIndex Value="0"/>
        <TopLine Value="80"/>
        <CursorPos X="57" Y="95"/>
        <UsageCount Value="98"/>
      </Unit26>
      <Unit27>
        <Filename Value="sphere1.pas"/>
        <IsPartOfProject Value="True"/>
        <UnitName Value="Sphere1"/>
        <WindowIndex Value="0"/>
        <TopLine Value="172"/>
        <CursorPos X="47" Y="181"/>
        <UsageCount Value="88"/>
      </Unit27>
      <Unit28>
        <Filename Value="C:\lazarus\lcl\menus.pp"/>
        <UnitName Value="Menus"/>
        <WindowIndex Value="0"/>
        <TopLine Value="1"/>
        <CursorPos X="1" Y="1"/>
        <UsageCount Value="10"/>
      </Unit28>
      <Unit29>
        <Filename Value="C:\lazarus\lcl\interfaces\win32\win32object.inc"/>
        <WindowIndex Value="0"/>
        <TopLine Value="447"/>
        <CursorPos X="1" Y="458"/>
        <UsageCount Value="6"/>
      </Unit29>
      <Unit30>
        <Filename Value="C:\lazarus\lcl\include\graphiccontrol.inc"/>
        <WindowIndex Value="0"/>
        <TopLine Value="86"/>
        <CursorPos X="1" Y="97"/>
        <UsageCount Value="6"/>
      </Unit30>
      <Unit31>
        <Filename Value="C:\lazarus\fpc\2.4.2\source\rtl\objpas\classes\classesh.inc"/>
        <WindowIndex Value="0"/>
        <TopLine Value="1667"/>
        <CursorPos X="14" Y="1678"/>
        <UsageCount Value="9"/>
      </Unit31>
      <Unit32>
        <Filename Value="common1.pas"/>
        <IsPartOfProject Value="True"/>
        <UnitName Value="Common1"/>
        <WindowIndex Value="0"/>
        <TopLine Value="1"/>
        <CursorPos X="25" Y="18"/>
        <UsageCount Value="36"/>
      </Unit32>
      <Unit33>
        <Filename Value="Persistent1.pas"/>
        <IsPartOfProject Value="True"/>
        <UnitName Value="Persistent1"/>
        <WindowIndex Value="0"/>
        <TopLine Value="1"/>
        <CursorPos X="1" Y="20"/>
        <UsageCount Value="36"/>
      </Unit33>
      <Unit34>
        <Filename Value="README"/>
        <WindowIndex Value="0"/>
        <TopLine Value="6"/>
        <CursorPos X="41" Y="26"/>
        <UsageCount Value="9"/>
        <DefaultSyntaxHighlighter Value="None"/>
      </Unit34>
      <Unit35>
        <Filename Value="straightline1.pas"/>
        <IsPartOfProject Value="True"/>
        <UnitName Value="StraightLine1"/>
        <EditorIndex Value="2"/>
        <WindowIndex Value="0"/>
        <TopLine Value="94"/>
        <CursorPos X="37" Y="105"/>
        <UsageCount Value="34"/>
        <Loaded Value="True"/>
      </Unit35>
      <Unit36>
        <Filename Value="breshenham1.pas"/>
        <IsPartOfProject Value="True"/>
        <UnitName Value="Breshenham1"/>
        <WindowIndex Value="0"/>
        <TopLine Value="47"/>
        <CursorPos X="14" Y="55"/>
        <UsageCount Value="31"/>
      </Unit36>
      <Unit37>
        <Filename Value="C:\lazarus\lcl\forms.pp"/>
        <UnitName Value="Forms"/>
        <WindowIndex Value="0"/>
        <TopLine Value="277"/>
        <CursorPos X="3" Y="290"/>
        <UsageCount Value="12"/>
      </Unit37>
    </Units>
    <JumpHistory Count="21" HistoryIndex="20">
      <Position1>
        <Filename Value="straightline1.pas"/>
        <Caret Line="35" Column="43" TopLine="17"/>
      </Position1>
      <Position2>
        <Filename Value="drawingframe1.pas"/>
        <Caret Line="133" Column="70" TopLine="119"/>
      </Position2>
      <Position3>
        <Filename Value="straightline1.pas"/>
        <Caret Line="107" Column="47" TopLine="85"/>
      </Position3>
      <Position4>
        <Filename Value="drawingframe1.pas"/>
        <Caret Line="548" Column="29" TopLine="527"/>
      </Position4>
      <Position5>
        <Filename Value="drawingframe1.pas"/>
        <Caret Line="549" Column="23" TopLine="538"/>
      </Position5>
      <Position6>
        <Filename Value="drawingframe1.pas"/>
        <Caret Line="290" Column="48" TopLine="266"/>
      </Position6>
      <Position7>
        <Filename Value="drawingframe1.pas"/>
        <Caret Line="349" Column="1" TopLine="361"/>
      </Position7>
      <Position8>
        <Filename Value="drawingframe1.pas"/>
        <Caret Line="302" Column="3" TopLine="300"/>
      </Position8>
      <Position9>
        <Filename Value="drawingframe1.pas"/>
        <Caret Line="303" Column="1" TopLine="298"/>
      </Position9>
      <Position10>
        <Filename Value="drawingframe1.pas"/>
        <Caret Line="349" Column="1" TopLine="336"/>
      </Position10>
      <Position11>
        <Filename Value="drawingframe1.pas"/>
        <Caret Line="350" Column="1" TopLine="336"/>
      </Position11>
      <Position12>
        <Filename Value="drawingframe1.pas"/>
        <Caret Line="289" Column="1" TopLine="276"/>
      </Position12>
      <Position13>
        <Filename Value="drawingframe1.pas"/>
        <Caret Line="350" Column="59" TopLine="336"/>
      </Position13>
      <Position14>
        <Filename Value="drawingframe1.pas"/>
        <Caret Line="349" Column="54" TopLine="336"/>
      </Position14>
      <Position15>
        <Filename Value="drawingframe1.pas"/>
        <Caret Line="303" Column="1" TopLine="290"/>
      </Position15>
      <Position16>
        <Filename Value="drawingframe1.pas"/>
        <Caret Line="351" Column="27" TopLine="337"/>
      </Position16>
      <Position17>
        <Filename Value="drawingframe1.pas"/>
        <Caret Line="352" Column="14" TopLine="337"/>
      </Position17>
      <Position18>
        <Filename Value="drawingframe1.pas"/>
        <Caret Line="351" Column="17" TopLine="337"/>
      </Position18>
      <Position19>
        <Filename Value="drawingframe1.pas"/>
        <Caret Line="355" Column="3" TopLine="337"/>
      </Position19>
      <Position20>
        <Filename Value="drawingframe1.pas"/>
        <Caret Line="356" Column="1" TopLine="395"/>
      </Position20>
      <Position21>
        <Filename Value="drawingframe1.pas"/>
        <Caret Line="303" Column="66" TopLine="294"/>
      </Position21>
    </JumpHistory>
  </ProjectOptions>
  <CompilerOptions>
    <Version Value="9"/>
    <PathDelim Value="\"/>
    <Target>
      <Filename Value="MagicTracks"/>
    </Target>
    <SearchPaths>
      <IncludeFiles Value="$(ProjOutDir)"/>
      <OtherUnitFiles Value="..\MagicLibraries"/>
      <UnitOutputDirectory Value="lib\$(TargetCPU)-$(TargetOS)"/>
    </SearchPaths>
    <CodeGeneration>
      <Checks>
        <RangeChecks Value="True"/>
        <OverflowChecks Value="True"/>
        <StackChecks Value="True"/>
      </Checks>
    </CodeGeneration>
    <Linking>
      <Options>
        <Win32>
          <GraphicApplication Value="True"/>
        </Win32>
      </Options>
    </Linking>
    <Other>
      <CompilerMessages>
        <UseMsgFile Value="True"/>
      </CompilerMessages>
      <CompilerPath Value="$(CompPath)"/>
    </Other>
  </CompilerOptions>
  <Debugging>
    <Watches Count="2">
      <Item1>
        <Expression Value="State"/>
      </Item1>
      <Item2>
        <Expression Value="BG"/>
        <DisplayStyle Value="wdfHex"/>
      </Item2>
    </Watches>
    <Exceptions Count="3">
      <Item1>
        <Name Value="EAbort"/>
      </Item1>
      <Item2>
        <Name Value="ECodetoolError"/>
      </Item2>
      <Item3>
        <Name Value="EFOpenError"/>
      </Item3>
    </Exceptions>
  </Debugging>
</CONFIG>
